
Microsoft Visual Studio Solution File, Format Version 12.00
# Visual Studio Version 16
VisualStudioVersion = 16.0.31911.196
MinimumVisualStudioVersion = 10.0.40219.1
Project("{8BC9CEB8-8B4A-11D0-8D11-00A0C91BC942}") = "aoc2021-day3", "aoc2021-day3.vcxproj", "{6F6365DA-9F6B-4CA5-9B28-F35329A17EB0}"
EndProject
Global
	GlobalSection(SolutionConfigurationPlatforms) = preSolution
		Debug|x64 = Debug|x64
		Debug|x86 = Debug|x86
		Release|x64 = Release|x64
		Release|x86 = Release|x86
	EndGlobalSection
	GlobalSection(ProjectConfigurationPlatforms) = postSolution
		{6F6365DA-9F6B-4CA5-9B28-F35329A17EB0}.Debug|x64.ActiveCfg = Debug|x64
		{6F6365DA-9F6B-4CA5-9B28-F35329A17EB0}.Debug|x64.Build.0 = Debug|x64
		{6F6365DA-9F6B-4CA5-9B28-F35329A17EB0}.Debug|x86.ActiveCfg = Debug|Win32
		{6F6365DA-9F6B-4CA5-9B28-F35329A17EB0}.Debug|x86.Build.0 = Debug|Win32
		{6F6365DA-9F6B-4CA5-9B28-F35329A17EB0}.Release|x64.ActiveCfg = Release|x64
		{6F6365DA-9F6B-4CA5-9B28-F35329A17EB0}.Release|x64.Build.0 = Release|x64
		{6F6365DA-9F6B-4CA5-9B28-F35329A17EB0}.Release|x86.ActiveCfg = Release|Win32
		{6F6365DA-9F6B-4CA5-9B28-F35329A17EB0}.Release|x86.Build.0 = Release|Win32
	EndGlobalSection
	GlobalSection(SolutionProperties) = preSolution
		HideSolutionNode = FALSE
	EndGlobalSection
	GlobalSection(ExtensibilityGlobals) = postSolution
		SolutionGuid = {0B5073B0-57CC-4844-ADF5-DA21C33877D6}
	EndGlobalSection
EndGlobal
